{
  "name": "swipe-list",
  "version": "0.0.1",
  "lockfileVersion": 1,
  "requires": true,
  "dependencies": {
    "angular": {
      "version": "1.8.1",
      "resolved": "https://registry.npmjs.org/angular/-/angular-1.8.1.tgz",
      "integrity": "sha512-eiasF4uFXsmKD8qYpkKEi9rKVxMv0nIDZXsYrwzSbPIbjmTV05bx+18VDbRmMx7p+gL84T9Qw2NCpVe8w1QKHQ=="
    },
    "angular-hammer": {
      "version": "2.2.0",
      "resolved": "https://registry.npmjs.org/angular-hammer/-/angular-hammer-2.2.0.tgz",
      "integrity": "sha1-Ev+7P8L5cZx4C6MyyQWsj8pFkuA=",
      "requires": {
        "angular": ">=1.2.0",
        "hammerjs": ">=2.0.0"
      }
    },
    "hammerjs": {
      "version": "2.0.8",
      "resolved": "https://registry.npmjs.org/hammerjs/-/hammerjs-2.0.8.tgz",
      "integrity": "sha1-BO93hiz/K7edMPdpIJWTAiK/YPE="
    }
  }
}
